
Microsoft Visual Studio Solution File, Format Version 12.00
# Visual Studio Version 17
VisualStudioVersion = 17.5.33530.505
MinimumVisualStudioVersion = 10.0.40219.1
Project("{FAE04EC0-301F-11D3-BF4B-00C04F79EFBC}") = "NumberOfOccurences", "NumberOfOccurences.csproj", "{3566F0AE-E108-44AD-B4A6-EBA848B5E8E3}"
EndProject
Global
	GlobalSection(SolutionConfigurationPlatforms) = preSolution
		Debug|Any CPU = Debug|Any CPU
		Release|Any CPU = Release|Any CPU
	EndGlobalSection
	GlobalSection(ProjectConfigurationPlatforms) = postSolution
		{3566F0AE-E108-44AD-B4A6-EBA848B5E8E3}.Debug|Any CPU.ActiveCfg = Debug|Any CPU
		{3566F0AE-E108-44AD-B4A6-EBA848B5E8E3}.Debug|Any CPU.Build.0 = Debug|Any CPU
		{3566F0AE-E108-44AD-B4A6-EBA848B5E8E3}.Release|Any CPU.ActiveCfg = Release|Any CPU
		{3566F0AE-E108-44AD-B4A6-EBA848B5E8E3}.Release|Any CPU.Build.0 = Release|Any CPU
	EndGlobalSection
	GlobalSection(SolutionProperties) = preSolution
		HideSolutionNode = FALSE
	EndGlobalSection
	GlobalSection(ExtensibilityGlobals) = postSolution
		SolutionGuid = {52AEBDE0-0ACC-4D56-8819-9BC23F16ABC7}
	EndGlobalSection
EndGlobal
