
Microsoft Visual Studio Solution File, Format Version 12.00
# Visual Studio Version 17
VisualStudioVersion = 17.5.33530.505
MinimumVisualStudioVersion = 10.0.40219.1
Project("{FAE04EC0-301F-11D3-BF4B-00C04F79EFBC}") = "Bank", "Bank.csproj", "{27F51A68-BE08-4551-A296-52708089B021}"
EndProject
Global
	GlobalSection(SolutionConfigurationPlatforms) = preSolution
		Debug|Any CPU = Debug|Any CPU
		Release|Any CPU = Release|Any CPU
	EndGlobalSection
	GlobalSection(ProjectConfigurationPlatforms) = postSolution
		{27F51A68-BE08-4551-A296-52708089B021}.Debug|Any CPU.ActiveCfg = Debug|Any CPU
		{27F51A68-BE08-4551-A296-52708089B021}.Debug|Any CPU.Build.0 = Debug|Any CPU
		{27F51A68-BE08-4551-A296-52708089B021}.Release|Any CPU.ActiveCfg = Release|Any CPU
		{27F51A68-BE08-4551-A296-52708089B021}.Release|Any CPU.Build.0 = Release|Any CPU
	EndGlobalSection
	GlobalSection(SolutionProperties) = preSolution
		HideSolutionNode = FALSE
	EndGlobalSection
	GlobalSection(ExtensibilityGlobals) = postSolution
		SolutionGuid = {D69EF51A-901A-45C8-BF0D-AF95AA60A828}
	EndGlobalSection
EndGlobal
