
Microsoft Visual Studio Solution File, Format Version 12.00
# Visual Studio Version 17
VisualStudioVersion = 17.5.33530.505
MinimumVisualStudioVersion = 10.0.40219.1
Project("{FAE04EC0-301F-11D3-BF4B-00C04F79EFBC}") = "LongestWordContainingW", "LongestWordContainingW.csproj", "{D0D8E039-83B4-4715-8DFA-2AE3135F401D}"
EndProject
Global
	GlobalSection(SolutionConfigurationPlatforms) = preSolution
		Debug|Any CPU = Debug|Any CPU
		Release|Any CPU = Release|Any CPU
	EndGlobalSection
	GlobalSection(ProjectConfigurationPlatforms) = postSolution
		{D0D8E039-83B4-4715-8DFA-2AE3135F401D}.Debug|Any CPU.ActiveCfg = Debug|Any CPU
		{D0D8E039-83B4-4715-8DFA-2AE3135F401D}.Debug|Any CPU.Build.0 = Debug|Any CPU
		{D0D8E039-83B4-4715-8DFA-2AE3135F401D}.Release|Any CPU.ActiveCfg = Release|Any CPU
		{D0D8E039-83B4-4715-8DFA-2AE3135F401D}.Release|Any CPU.Build.0 = Release|Any CPU
	EndGlobalSection
	GlobalSection(SolutionProperties) = preSolution
		HideSolutionNode = FALSE
	EndGlobalSection
	GlobalSection(ExtensibilityGlobals) = postSolution
		SolutionGuid = {4E4DD24C-3C43-48BB-A141-0ED42D41D4B3}
	EndGlobalSection
EndGlobal
