
Microsoft Visual Studio Solution File, Format Version 12.00
# Visual Studio Version 17
VisualStudioVersion = 17.5.33530.505
MinimumVisualStudioVersion = 10.0.40219.1
Project("{FAE04EC0-301F-11D3-BF4B-00C04F79EFBC}") = "FunFair", "FunFair.csproj", "{02213B3A-0747-4720-9E59-4D5E3C3B8BC7}"
EndProject
Global
	GlobalSection(SolutionConfigurationPlatforms) = preSolution
		Debug|Any CPU = Debug|Any CPU
		Release|Any CPU = Release|Any CPU
	EndGlobalSection
	GlobalSection(ProjectConfigurationPlatforms) = postSolution
		{02213B3A-0747-4720-9E59-4D5E3C3B8BC7}.Debug|Any CPU.ActiveCfg = Debug|Any CPU
		{02213B3A-0747-4720-9E59-4D5E3C3B8BC7}.Debug|Any CPU.Build.0 = Debug|Any CPU
		{02213B3A-0747-4720-9E59-4D5E3C3B8BC7}.Release|Any CPU.ActiveCfg = Release|Any CPU
		{02213B3A-0747-4720-9E59-4D5E3C3B8BC7}.Release|Any CPU.Build.0 = Release|Any CPU
	EndGlobalSection
	GlobalSection(SolutionProperties) = preSolution
		HideSolutionNode = FALSE
	EndGlobalSection
	GlobalSection(ExtensibilityGlobals) = postSolution
		SolutionGuid = {8C38F0E5-AE03-4394-BB86-D76B28D12C2A}
	EndGlobalSection
EndGlobal
