
Microsoft Visual Studio Solution File, Format Version 12.00
# Visual Studio Version 17
VisualStudioVersion = 17.5.33530.505
MinimumVisualStudioVersion = 10.0.40219.1
Project("{FAE04EC0-301F-11D3-BF4B-00C04F79EFBC}") = "Altitude", "Altitude.csproj", "{12D70EDC-72A2-4657-8D52-0A1EA9B0FE8C}"
EndProject
Global
	GlobalSection(SolutionConfigurationPlatforms) = preSolution
		Debug|Any CPU = Debug|Any CPU
		Release|Any CPU = Release|Any CPU
	EndGlobalSection
	GlobalSection(ProjectConfigurationPlatforms) = postSolution
		{12D70EDC-72A2-4657-8D52-0A1EA9B0FE8C}.Debug|Any CPU.ActiveCfg = Debug|Any CPU
		{12D70EDC-72A2-4657-8D52-0A1EA9B0FE8C}.Debug|Any CPU.Build.0 = Debug|Any CPU
		{12D70EDC-72A2-4657-8D52-0A1EA9B0FE8C}.Release|Any CPU.ActiveCfg = Release|Any CPU
		{12D70EDC-72A2-4657-8D52-0A1EA9B0FE8C}.Release|Any CPU.Build.0 = Release|Any CPU
	EndGlobalSection
	GlobalSection(SolutionProperties) = preSolution
		HideSolutionNode = FALSE
	EndGlobalSection
	GlobalSection(ExtensibilityGlobals) = postSolution
		SolutionGuid = {0B359D12-1158-4F55-A32E-617A19FC6EFF}
	EndGlobalSection
EndGlobal
