
Microsoft Visual Studio Solution File, Format Version 12.00
# Visual Studio Version 17
VisualStudioVersion = 17.5.33530.505
MinimumVisualStudioVersion = 10.0.40219.1
Project("{FAE04EC0-301F-11D3-BF4B-00C04F79EFBC}") = "SeqInputFile", "SeqInputFile.csproj", "{76897A28-03EB-48B4-A94A-A9FCFE73F841}"
EndProject
Global
	GlobalSection(SolutionConfigurationPlatforms) = preSolution
		Debug|Any CPU = Debug|Any CPU
		Release|Any CPU = Release|Any CPU
	EndGlobalSection
	GlobalSection(ProjectConfigurationPlatforms) = postSolution
		{76897A28-03EB-48B4-A94A-A9FCFE73F841}.Debug|Any CPU.ActiveCfg = Debug|Any CPU
		{76897A28-03EB-48B4-A94A-A9FCFE73F841}.Debug|Any CPU.Build.0 = Debug|Any CPU
		{76897A28-03EB-48B4-A94A-A9FCFE73F841}.Release|Any CPU.ActiveCfg = Release|Any CPU
		{76897A28-03EB-48B4-A94A-A9FCFE73F841}.Release|Any CPU.Build.0 = Release|Any CPU
	EndGlobalSection
	GlobalSection(SolutionProperties) = preSolution
		HideSolutionNode = FALSE
	EndGlobalSection
	GlobalSection(ExtensibilityGlobals) = postSolution
		SolutionGuid = {3E969431-85C7-439C-96E8-E4733CA47C3A}
	EndGlobalSection
EndGlobal
