
Microsoft Visual Studio Solution File, Format Version 12.00
# Visual Studio Version 17
VisualStudioVersion = 17.5.33530.505
MinimumVisualStudioVersion = 10.0.40219.1
Project("{FAE04EC0-301F-11D3-BF4B-00C04F79EFBC}") = "Fish", "Fish.csproj", "{AEEF5701-7C6C-447B-878C-46C71E242F53}"
EndProject
Global
	GlobalSection(SolutionConfigurationPlatforms) = preSolution
		Debug|Any CPU = Debug|Any CPU
		Release|Any CPU = Release|Any CPU
	EndGlobalSection
	GlobalSection(ProjectConfigurationPlatforms) = postSolution
		{AEEF5701-7C6C-447B-878C-46C71E242F53}.Debug|Any CPU.ActiveCfg = Debug|Any CPU
		{AEEF5701-7C6C-447B-878C-46C71E242F53}.Debug|Any CPU.Build.0 = Debug|Any CPU
		{AEEF5701-7C6C-447B-878C-46C71E242F53}.Release|Any CPU.ActiveCfg = Release|Any CPU
		{AEEF5701-7C6C-447B-878C-46C71E242F53}.Release|Any CPU.Build.0 = Release|Any CPU
	EndGlobalSection
	GlobalSection(SolutionProperties) = preSolution
		HideSolutionNode = FALSE
	EndGlobalSection
	GlobalSection(ExtensibilityGlobals) = postSolution
		SolutionGuid = {D93D4548-93F4-47C1-9F21-781AEE18E716}
	EndGlobalSection
EndGlobal
