
Microsoft Visual Studio Solution File, Format Version 12.00
# Visual Studio Version 17
VisualStudioVersion = 17.5.33530.505
MinimumVisualStudioVersion = 10.0.40219.1
Project("{FAE04EC0-301F-11D3-BF4B-00C04F79EFBC}") = "Creature", "Creature.csproj", "{B133CD55-5566-41EB-B78D-94EE5BC812CC}"
EndProject
Global
	GlobalSection(SolutionConfigurationPlatforms) = preSolution
		Debug|Any CPU = Debug|Any CPU
		Release|Any CPU = Release|Any CPU
	EndGlobalSection
	GlobalSection(ProjectConfigurationPlatforms) = postSolution
		{B133CD55-5566-41EB-B78D-94EE5BC812CC}.Debug|Any CPU.ActiveCfg = Debug|Any CPU
		{B133CD55-5566-41EB-B78D-94EE5BC812CC}.Debug|Any CPU.Build.0 = Debug|Any CPU
		{B133CD55-5566-41EB-B78D-94EE5BC812CC}.Release|Any CPU.ActiveCfg = Release|Any CPU
		{B133CD55-5566-41EB-B78D-94EE5BC812CC}.Release|Any CPU.Build.0 = Release|Any CPU
	EndGlobalSection
	GlobalSection(SolutionProperties) = preSolution
		HideSolutionNode = FALSE
	EndGlobalSection
	GlobalSection(ExtensibilityGlobals) = postSolution
		SolutionGuid = {97DB3F8B-39D9-42CF-872E-D909AAD3739B}
	EndGlobalSection
EndGlobal
